// !$*UTF8*$!
{
	archiveVersion = 1;
	classes = {
	};
	objectVersion = 56;
	objects = {

/* Begin PBXBuildFile section */
		5F749E012A3F5E3100AF3A76 /* main.swift in Sources */ = {isa = PBXBuildFile; fileRef = 5F749E002A3F5E3100AF3A76 /* main.swift */; };
		5F9094EE2A3F1B9900802DEB /* NSColor+contrastRatioTo.swift in Sources */ = {isa = PBXBuildFile; fileRef = 5F9094ED2A3F1B9900802DEB /* NSColor+contrastRatioTo.swift */; };
		5F9094FC2A3F1C3700802DEB /* ContrastRatioTests.swift in Sources */ = {isa = PBXBuildFile; fileRef = 5F9094EF2A3F1BEC00802DEB /* ContrastRatioTests.swift */; };
		5F9094FD2A3F1C4100802DEB /* NSColor+contrastRatioTo.swift in Sources */ = {isa = PBXBuildFile; fileRef = 5F9094ED2A3F1B9900802DEB /* NSColor+contrastRatioTo.swift */; };
/* End PBXBuildFile section */

/* Begin PBXCopyFilesBuildPhase section */
		5F9094E02A3F1B1000802DEB /* CopyFiles */ = {
			isa = PBXCopyFilesBuildPhase;
			buildActionMask = 2147483647;
			dstPath = /usr/share/man/man1/;
			dstSubfolderSpec = 0;
			files = (
			);
			runOnlyForDeploymentPostprocessing = 1;
		};
/* End PBXCopyFilesBuildPhase section */

/* Begin PBXFileReference section */
		5F749E002A3F5E3100AF3A76 /* main.swift */ = {isa = PBXFileReference; fileEncoding = 4; lastKnownFileType = sourcecode.swift; path = main.swift; sourceTree = "<group>"; };
		5F9094E22A3F1B1000802DEB /* SystemColorContrasts */ = {isa = PBXFileReference; explicitFileType = "compiled.mach-o.executable"; includeInIndex = 0; path = SystemColorContrasts; sourceTree = BUILT_PRODUCTS_DIR; };
		5F9094ED2A3F1B9900802DEB /* NSColor+contrastRatioTo.swift */ = {isa = PBXFileReference; lastKnownFileType = sourcecode.swift; path = "NSColor+contrastRatioTo.swift"; sourceTree = "<group>"; };
		5F9094EF2A3F1BEC00802DEB /* ContrastRatioTests.swift */ = {isa = PBXFileReference; lastKnownFileType = sourcecode.swift; path = ContrastRatioTests.swift; sourceTree = "<group>"; };
		5F9094F52A3F1C2400802DEB /* SystemColorContrasts.Tests.xctest */ = {isa = PBXFileReference; explicitFileType = wrapper.cfbundle; includeInIndex = 0; path = SystemColorContrasts.Tests.xctest; sourceTree = BUILT_PRODUCTS_DIR; };
/* End PBXFileReference section */

/* Begin PBXFrameworksBuildPhase section */
		5F9094DF2A3F1B1000802DEB /* Frameworks */ = {
			isa = PBXFrameworksBuildPhase;
			buildActionMask = 2147483647;
			files = (
			);
			runOnlyForDeploymentPostprocessing = 0;
		};
		5F9094F22A3F1C2400802DEB /* Frameworks */ = {
			isa = PBXFrameworksBuildPhase;
			buildActionMask = 2147483647;
			files = (
			);
			runOnlyForDeploymentPostprocessing = 0;
		};
/* End PBXFrameworksBuildPhase section */

/* Begin PBXGroup section */
		5F9094D92A3F1B1000802DEB = {
			isa = PBXGroup;
			children = (
				5F9094E42A3F1B1000802DEB /* SystemColorContrasts */,
				5F9094F62A3F1C2400802DEB /* SystemColorContrasts.Tests */,
				5F9094E32A3F1B1000802DEB /* Products */,
			);
			sourceTree = "<group>";
		};
		5F9094E32A3F1B1000802DEB /* Products */ = {
			isa = PBXGroup;
			children = (
				5F9094E22A3F1B1000802DEB /* SystemColorContrasts */,
				5F9094F52A3F1C2400802DEB /* SystemColorContrasts.Tests.xctest */,
			);
			name = Products;
			sourceTree = "<group>";
		};
		5F9094E42A3F1B1000802DEB /* SystemColorContrasts */ = {
			isa = PBXGroup;
			children = (
				5F749E002A3F5E3100AF3A76 /* main.swift */,
				5F9094ED2A3F1B9900802DEB /* NSColor+contrastRatioTo.swift */,
			);
			path = SystemColorContrasts;
			sourceTree = "<group>";
		};
		5F9094F62A3F1C2400802DEB /* SystemColorContrasts.Tests */ = {
			isa = PBXGroup;
			children = (
				5F9094EF2A3F1BEC00802DEB /* ContrastRatioTests.swift */,
			);
			path = SystemColorContrasts.Tests;
			sourceTree = "<group>";
		};
/* End PBXGroup section */

/* Begin PBXNativeTarget section */
		5F9094E12A3F1B1000802DEB /* SystemColorContrasts */ = {
			isa = PBXNativeTarget;
			buildConfigurationList = 5F9094E92A3F1B1000802DEB /* Build configuration list for PBXNativeTarget "SystemColorContrasts" */;
			buildPhases = (
				5F9094DE2A3F1B1000802DEB /* Sources */,
				5F9094DF2A3F1B1000802DEB /* Frameworks */,
				5F9094E02A3F1B1000802DEB /* CopyFiles */,
			);
			buildRules = (
			);
			dependencies = (
			);
			name = SystemColorContrasts;
			productName = SystemColorContrasts;
			productReference = 5F9094E22A3F1B1000802DEB /* SystemColorContrasts */;
			productType = "com.apple.product-type.tool";
		};
		5F9094F42A3F1C2400802DEB /* SystemColorContrasts.Tests */ = {
			isa = PBXNativeTarget;
			buildConfigurationList = 5F9094F92A3F1C2400802DEB /* Build configuration list for PBXNativeTarget "SystemColorContrasts.Tests" */;
			buildPhases = (
				5F9094F12A3F1C2400802DEB /* Sources */,
				5F9094F22A3F1C2400802DEB /* Frameworks */,
				5F9094F32A3F1C2400802DEB /* Resources */,
			);
			buildRules = (
			);
			dependencies = (
			);
			name = SystemColorContrasts.Tests;
			productName = SystemColorContrasts.Tests;
			productReference = 5F9094F52A3F1C2400802DEB /* SystemColorContrasts.Tests.xctest */;
			productType = "com.apple.product-type.bundle.unit-test";
		};
/* End PBXNativeTarget section */

/* Begin PBXProject section */
		5F9094DA2A3F1B1000802DEB /* Project object */ = {
			isa = PBXProject;
			attributes = {
				BuildIndependentTargetsInParallel = 1;
				LastSwiftUpdateCheck = 1500;
				LastUpgradeCheck = 1500;
				TargetAttributes = {
					5F9094E12A3F1B1000802DEB = {
						CreatedOnToolsVersion = 15.0;
					};
					5F9094F42A3F1C2400802DEB = {
						CreatedOnToolsVersion = 15.0;
					};
				};
			};
			buildConfigurationList = 5F9094DD2A3F1B1000802DEB /* Build configuration list for PBXProject "SystemColorContrasts" */;
			compatibilityVersion = "Xcode 14.0";
			developmentRegion = en;
			hasScannedForEncodings = 0;
			knownRegions = (
				en,
				Base,
			);
			mainGroup = 5F9094D92A3F1B1000802DEB;
			productRefGroup = 5F9094E32A3F1B1000802DEB /* Products */;
			projectDirPath = "";
			projectRoot = "";
			targets = (
				5F9094E12A3F1B1000802DEB /* SystemColorContrasts */,
				5F9094F42A3F1C2400802DEB /* SystemColorContrasts.Tests */,
			);
		};
/* End PBXProject section */

/* Begin PBXResourcesBuildPhase section */
		5F9094F32A3F1C2400802DEB /* Resources */ = {
			isa = PBXResourcesBuildPhase;
			buildActionMask = 2147483647;
			files = (
			);
			runOnlyForDeploymentPostprocessing = 0;
		};
/* End PBXResourcesBuildPhase section */

/* Begin PBXSourcesBuildPhase section */
		5F9094DE2A3F1B1000802DEB /* Sources */ = {
			isa = PBXSourcesBuildPhase;
			buildActionMask = 2147483647;
			files = (
				5F749E012A3F5E3100AF3A76 /* main.swift in Sources */,
				5F9094EE2A3F1B9900802DEB /* NSColor+contrastRatioTo.swift in Sources */,
			);
			runOnlyForDeploymentPostprocessing = 0;
		};
		5F9094F12A3F1C2400802DEB /* Sources */ = {
			isa = PBXSourcesBuildPhase;
			buildActionMask = 2147483647;
			files = (
				5F9094FC2A3F1C3700802DEB /* ContrastRatioTests.swift in Sources */,
				5F9094FD2A3F1C4100802DEB /* NSColor+contrastRatioTo.swift in Sources */,
			);
			runOnlyForDeploymentPostprocessing = 0;
		};
/* End PBXSourcesBuildPhase section */

/* Begin XCBuildConfiguration section */
		5F9094E72A3F1B1000802DEB /* Debug */ = {
			isa = XCBuildConfiguration;
			buildSettings = {
				ALWAYS_SEARCH_USER_PATHS = NO;
				ASSETCATALOG_COMPILER_GENERATE_SWIFT_ASSET_SYMBOL_EXTENSIONS = YES;
				CLANG_ANALYZER_NONNULL = YES;
				CLANG_ANALYZER_NUMBER_OBJECT_CONVERSION = YES_AGGRESSIVE;
				CLANG_CXX_LANGUAGE_STANDARD = "gnu++20";
				CLANG_ENABLE_MODULES = YES;
				CLANG_ENABLE_OBJC_ARC = YES;
				CLANG_ENABLE_OBJC_WEAK = YES;
				CLANG_WARN_BLOCK_CAPTURE_AUTORELEASING = YES;
				CLANG_WARN_BOOL_CONVERSION = YES;
				CLANG_WARN_COMMA = YES;
				CLANG_WARN_CONSTANT_CONVERSION = YES;
				CLANG_WARN_DEPRECATED_OBJC_IMPLEMENTATIONS = YES;
				CLANG_WARN_DIRECT_OBJC_ISA_USAGE = YES_ERROR;
				CLANG_WARN_DOCUMENTATION_COMMENTS = YES;
				CLANG_WARN_EMPTY_BODY = YES;
				CLANG_WARN_ENUM_CONVERSION = YES;
				CLANG_WARN_INFINITE_RECURSION = YES;
				CLANG_WARN_INT_CONVERSION = YES;
				CLANG_WARN_NON_LITERAL_NULL_CONVERSION = YES;
				CLANG_WARN_OBJC_IMPLICIT_RETAIN_SELF = YES;
				CLANG_WARN_OBJC_LITERAL_CONVERSION = YES;
				CLANG_WARN_OBJC_ROOT_CLASS = YES_ERROR;
				CLANG_WARN_QUOTED_INCLUDE_IN_FRAMEWORK_HEADER = YES;
				CLANG_WARN_RANGE_LOOP_ANALYSIS = YES;
				CLANG_WARN_STRICT_PROTOTYPES = YES;
				CLANG_WARN_SUSPICIOUS_MOVE = YES;
				CLANG_WARN_UNGUARDED_AVAILABILITY = YES_AGGRESSIVE;
				CLANG_WARN_UNREACHABLE_CODE = YES;
				CLANG_WARN__DUPLICATE_METHOD_MATCH = YES;
				COPY_PHASE_STRIP = NO;
				DEBUG_INFORMATION_FORMAT = dwarf;
				ENABLE_STRICT_OBJC_MSGSEND = YES;
				ENABLE_TESTABILITY = YES;
				ENABLE_USER_SCRIPT_SANDBOXING = YES;
				GCC_C_LANGUAGE_STANDARD = gnu17;
				GCC_DYNAMIC_NO_PIC = NO;
				GCC_NO_COMMON_BLOCKS = YES;
				GCC_OPTIMIZATION_LEVEL = 0;
				GCC_PREPROCESSOR_DEFINITIONS = (
					"DEBUG=1",
					"$(inherited)",
				);
				GCC_WARN_64_TO_32_BIT_CONVERSION = YES;
				GCC_WARN_ABOUT_RETURN_TYPE = YES_ERROR;
				GCC_WARN_UNDECLARED_SELECTOR = YES;
				GCC_WARN_UNINITIALIZED_AUTOS = YES_AGGRESSIVE;
				GCC_WARN_UNUSED_FUNCTION = YES;
				GCC_WARN_UNUSED_VARIABLE = YES;
				LOCALIZATION_PREFERS_STRING_CATALOGS = YES;
				MACOSX_DEPLOYMENT_TARGET = 13.4;
				MTL_ENABLE_DEBUG_INFO = INCLUDE_SOURCE;
				MTL_FAST_MATH = YES;
				ONLY_ACTIVE_ARCH = YES;
				SDKROOT = macosx;
				SWIFT_ACTIVE_COMPILATION_CONDITIONS = "DEBUG $(inherited)";
				SWIFT_OPTIMIZATION_LEVEL = "-Onone";
			};
			name = Debug;
		};
		5F9094E82A3F1B1000802DEB /* Release */ = {
			isa = XCBuildConfiguration;
			buildSettings = {
				ALWAYS_SEARCH_USER_PATHS = NO;
				ASSETCATALOG_COMPILER_GENERATE_SWIFT_ASSET_SYMBOL_EXTENSIONS = YES;
				CLANG_ANALYZER_NONNULL = YES;
				CLANG_ANALYZER_NUMBER_OBJECT_CONVERSION = YES_AGGRESSIVE;
				CLANG_CXX_LANGUAGE_STANDARD = "gnu++20";
				CLANG_ENABLE_MODULES = YES;
				CLANG_ENABLE_OBJC_ARC = YES;
				CLANG_ENABLE_OBJC_WEAK = YES;
				CLANG_WARN_BLOCK_CAPTURE_AUTORELEASING = YES;
				CLANG_WARN_BOOL_CONVERSION = YES;
				CLANG_WARN_COMMA = YES;
				CLANG_WARN_CONSTANT_CONVERSION = YES;
				CLANG_WARN_DEPRECATED_OBJC_IMPLEMENTATIONS = YES;
				CLANG_WARN_DIRECT_OBJC_ISA_USAGE = YES_ERROR;
				CLANG_WARN_DOCUMENTATION_COMMENTS = YES;
				CLANG_WARN_EMPTY_BODY = YES;
				CLANG_WARN_ENUM_CONVERSION = YES;
				CLANG_WARN_INFINITE_RECURSION = YES;
				CLANG_WARN_INT_CONVERSION = YES;
				CLANG_WARN_NON_LITERAL_NULL_CONVERSION = YES;
				CLANG_WARN_OBJC_IMPLICIT_RETAIN_SELF = YES;
				CLANG_WARN_OBJC_LITERAL_CONVERSION = YES;
				CLANG_WARN_OBJC_ROOT_CLASS = YES_ERROR;
				CLANG_WARN_QUOTED_INCLUDE_IN_FRAMEWORK_HEADER = YES;
				CLANG_WARN_RANGE_LOOP_ANALYSIS = YES;
				CLANG_WARN_STRICT_PROTOTYPES = YES;
				CLANG_WARN_SUSPICIOUS_MOVE = YES;
				CLANG_WARN_UNGUARDED_AVAILABILITY = YES_AGGRESSIVE;
				CLANG_WARN_UNREACHABLE_CODE = YES;
				CLANG_WARN__DUPLICATE_METHOD_MATCH = YES;
				COPY_PHASE_STRIP = NO;
				DEBUG_INFORMATION_FORMAT = "dwarf-with-dsym";
				ENABLE_NS_ASSERTIONS = NO;
				ENABLE_STRICT_OBJC_MSGSEND = YES;
				ENABLE_USER_SCRIPT_SANDBOXING = YES;
				GCC_C_LANGUAGE_STANDARD = gnu17;
				GCC_NO_COMMON_BLOCKS = YES;
				GCC_WARN_64_TO_32_BIT_CONVERSION = YES;
				GCC_WARN_ABOUT_RETURN_TYPE = YES_ERROR;
				GCC_WARN_UNDECLARED_SELECTOR = YES;
				GCC_WARN_UNINITIALIZED_AUTOS = YES_AGGRESSIVE;
				GCC_WARN_UNUSED_FUNCTION = YES;
				GCC_WARN_UNUSED_VARIABLE = YES;
				LOCALIZATION_PREFERS_STRING_CATALOGS = YES;
				MACOSX_DEPLOYMENT_TARGET = 13.4;
				MTL_ENABLE_DEBUG_INFO = NO;
				MTL_FAST_MATH = YES;
				SDKROOT = macosx;
				SWIFT_COMPILATION_MODE = wholemodule;
			};
			name = Release;
		};
		5F9094EA2A3F1B1000802DEB /* Debug */ = {
			isa = XCBuildConfiguration;
			buildSettings = {
				CODE_SIGN_STYLE = Automatic;
				DEVELOPMENT_TEAM = JCPU77PBZS;
				ENABLE_HARDENED_RUNTIME = YES;
				PRODUCT_NAME = "$(TARGET_NAME)";
				SWIFT_VERSION = 5.0;
			};
			name = Debug;
		};
		5F9094EB2A3F1B1000802DEB /* Release */ = {
			isa = XCBuildConfiguration;
			buildSettings = {
				CODE_SIGN_STYLE = Automatic;
				DEVELOPMENT_TEAM = JCPU77PBZS;
				ENABLE_HARDENED_RUNTIME = YES;
				PRODUCT_NAME = "$(TARGET_NAME)";
				SWIFT_VERSION = 5.0;
			};
			name = Release;
		};
		5F9094FA2A3F1C2400802DEB /* Debug */ = {
			isa = XCBuildConfiguration;
			buildSettings = {
				"CODE_SIGN_IDENTITY[sdk=macosx*]" = "Apple Development";
				CODE_SIGN_STYLE = Automatic;
				CURRENT_PROJECT_VERSION = 1;
				DEVELOPMENT_TEAM = JCPU77PBZS;
				GENERATE_INFOPLIST_FILE = YES;
				MARKETING_VERSION = 1.0;
				PRODUCT_BUNDLE_IDENTIFIER = "me.chucker.SystemColorContrasts-Tests";
				PRODUCT_NAME = "$(TARGET_NAME)";
				SWIFT_EMIT_LOC_STRINGS = NO;
				SWIFT_VERSION = 5.0;
			};
			name = Debug;
		};
		5F9094FB2A3F1C2400802DEB /* Release */ = {
			isa = XCBuildConfiguration;
			buildSettings = {
				"CODE_SIGN_IDENTITY[sdk=macosx*]" = "Apple Development";
				CODE_SIGN_STYLE = Automatic;
				CURRENT_PROJECT_VERSION = 1;
				DEVELOPMENT_TEAM = JCPU77PBZS;
				GENERATE_INFOPLIST_FILE = YES;
				MARKETING_VERSION = 1.0;
				PRODUCT_BUNDLE_IDENTIFIER = "me.chucker.SystemColorContrasts-Tests";
				PRODUCT_NAME = "$(TARGET_NAME)";
				SWIFT_EMIT_LOC_STRINGS = NO;
				SWIFT_VERSION = 5.0;
			};
			name = Release;
		};
/* End XCBuildConfiguration section */

/* Begin XCConfigurationList section */
		5F9094DD2A3F1B1000802DEB /* Build configuration list for PBXProject "SystemColorContrasts" */ = {
			isa = XCConfigurationList;
			buildConfigurations = (
				5F9094E72A3F1B1000802DEB /* Debug */,
				5F9094E82A3F1B1000802DEB /* Release */,
			);
			defaultConfigurationIsVisible = 0;
			defaultConfigurationName = Release;
		};
		5F9094E92A3F1B1000802DEB /* Build configuration list for PBXNativeTarget "SystemColorContrasts" */ = {
			isa = XCConfigurationList;
			buildConfigurations = (
				5F9094EA2A3F1B1000802DEB /* Debug */,
				5F9094EB2A3F1B1000802DEB /* Release */,
			);
			defaultConfigurationIsVisible = 0;
			defaultConfigurationName = Release;
		};
		5F9094F92A3F1C2400802DEB /* Build configuration list for PBXNativeTarget "SystemColorContrasts.Tests" */ = {
			isa = XCConfigurationList;
			buildConfigurations = (
				5F9094FA2A3F1C2400802DEB /* Debug */,
				5F9094FB2A3F1C2400802DEB /* Release */,
			);
			defaultConfigurationIsVisible = 0;
			defaultConfigurationName = Release;
		};
/* End XCConfigurationList section */
	};
	rootObject = 5F9094DA2A3F1B1000802DEB /* Project object */;
}
